
Microsoft Visual Studio Solution File, Format Version 12.00
# Visual Studio Version 17
VisualStudioVersion = 17.8.34525.116
MinimumVisualStudioVersion = 10.0.40219.1
Project("{8BC9CEB8-8B4A-11D0-8D11-00A0C91BC942}") = "data-structure-and-algorithm-with-c", "data-structure-c.vcxproj", "{C653A6C8-D6DE-4769-9767-5FC575E3D4FE}"
EndProject
Project("{8BC9CEB8-8B4A-11D0-8D11-00A0C91BC942}") = "SLL", "..\SLL\SLL.vcxproj", "{7FBFB389-1A1F-47D1-8533-A6AFBCEB6D5B}"
EndProject
Project("{8BC9CEB8-8B4A-11D0-8D11-00A0C91BC942}") = "SLL_Final", "..\SLL_Final\SLL_Final.vcxproj", "{91E6D53C-172C-4DE1-BF6E-E1C9FFB5D828}"
EndProject
Project("{8BC9CEB8-8B4A-11D0-8D11-00A0C91BC942}") = "DLL_Test", "..\DLL_Test\DLL_Test.vcxproj", "{5AC00A75-AF31-4133-B1BC-CC0ECD95934F}"
EndProject
Project("{8BC9CEB8-8B4A-11D0-8D11-00A0C91BC942}") = "CDLL_Test", "..\CDLL_Test\CDLL_Test.vcxproj", "{68E6406F-9368-4B93-96C4-267EFED5EC45}"
EndProject
Project("{8BC9CEB8-8B4A-11D0-8D11-00A0C91BC942}") = "AS_Test", "..\AS_Test\AS_Test.vcxproj", "{D2CF2A14-1DFB-4D62-A1A5-4BABFE4AD0E6}"
EndProject
Project("{8BC9CEB8-8B4A-11D0-8D11-00A0C91BC942}") = "LLS_Test", "..\LLS_Test\LLS_Test.vcxproj", "{16C1303F-4EBD-4B55-9A41-03805504652F}"
EndProject
Global
	GlobalSection(SolutionConfigurationPlatforms) = preSolution
		Debug|x64 = Debug|x64
		Debug|x86 = Debug|x86
		Release|x64 = Release|x64
		Release|x86 = Release|x86
	EndGlobalSection
	GlobalSection(ProjectConfigurationPlatforms) = postSolution
		{C653A6C8-D6DE-4769-9767-5FC575E3D4FE}.Debug|x64.ActiveCfg = Debug|x64
		{C653A6C8-D6DE-4769-9767-5FC575E3D4FE}.Debug|x64.Build.0 = Debug|x64
		{C653A6C8-D6DE-4769-9767-5FC575E3D4FE}.Debug|x86.ActiveCfg = Debug|Win32
		{C653A6C8-D6DE-4769-9767-5FC575E3D4FE}.Debug|x86.Build.0 = Debug|Win32
		{C653A6C8-D6DE-4769-9767-5FC575E3D4FE}.Release|x64.ActiveCfg = Release|x64
		{C653A6C8-D6DE-4769-9767-5FC575E3D4FE}.Release|x64.Build.0 = Release|x64
		{C653A6C8-D6DE-4769-9767-5FC575E3D4FE}.Release|x86.ActiveCfg = Release|Win32
		{C653A6C8-D6DE-4769-9767-5FC575E3D4FE}.Release|x86.Build.0 = Release|Win32
		{7FBFB389-1A1F-47D1-8533-A6AFBCEB6D5B}.Debug|x64.ActiveCfg = Debug|x64
		{7FBFB389-1A1F-47D1-8533-A6AFBCEB6D5B}.Debug|x64.Build.0 = Debug|x64
		{7FBFB389-1A1F-47D1-8533-A6AFBCEB6D5B}.Debug|x86.ActiveCfg = Debug|Win32
		{7FBFB389-1A1F-47D1-8533-A6AFBCEB6D5B}.Debug|x86.Build.0 = Debug|Win32
		{7FBFB389-1A1F-47D1-8533-A6AFBCEB6D5B}.Release|x64.ActiveCfg = Release|x64
		{7FBFB389-1A1F-47D1-8533-A6AFBCEB6D5B}.Release|x64.Build.0 = Release|x64
		{7FBFB389-1A1F-47D1-8533-A6AFBCEB6D5B}.Release|x86.ActiveCfg = Release|Win32
		{7FBFB389-1A1F-47D1-8533-A6AFBCEB6D5B}.Release|x86.Build.0 = Release|Win32
		{91E6D53C-172C-4DE1-BF6E-E1C9FFB5D828}.Debug|x64.ActiveCfg = Debug|x64
		{91E6D53C-172C-4DE1-BF6E-E1C9FFB5D828}.Debug|x64.Build.0 = Debug|x64
		{91E6D53C-172C-4DE1-BF6E-E1C9FFB5D828}.Debug|x86.ActiveCfg = Debug|Win32
		{91E6D53C-172C-4DE1-BF6E-E1C9FFB5D828}.Debug|x86.Build.0 = Debug|Win32
		{91E6D53C-172C-4DE1-BF6E-E1C9FFB5D828}.Release|x64.ActiveCfg = Release|x64
		{91E6D53C-172C-4DE1-BF6E-E1C9FFB5D828}.Release|x64.Build.0 = Release|x64
		{91E6D53C-172C-4DE1-BF6E-E1C9FFB5D828}.Release|x86.ActiveCfg = Release|Win32
		{91E6D53C-172C-4DE1-BF6E-E1C9FFB5D828}.Release|x86.Build.0 = Release|Win32
		{5AC00A75-AF31-4133-B1BC-CC0ECD95934F}.Debug|x64.ActiveCfg = Debug|x64
		{5AC00A75-AF31-4133-B1BC-CC0ECD95934F}.Debug|x64.Build.0 = Debug|x64
		{5AC00A75-AF31-4133-B1BC-CC0ECD95934F}.Debug|x86.ActiveCfg = Debug|Win32
		{5AC00A75-AF31-4133-B1BC-CC0ECD95934F}.Debug|x86.Build.0 = Debug|Win32
		{5AC00A75-AF31-4133-B1BC-CC0ECD95934F}.Release|x64.ActiveCfg = Release|x64
		{5AC00A75-AF31-4133-B1BC-CC0ECD95934F}.Release|x64.Build.0 = Release|x64
		{5AC00A75-AF31-4133-B1BC-CC0ECD95934F}.Release|x86.ActiveCfg = Release|Win32
		{5AC00A75-AF31-4133-B1BC-CC0ECD95934F}.Release|x86.Build.0 = Release|Win32
		{68E6406F-9368-4B93-96C4-267EFED5EC45}.Debug|x64.ActiveCfg = Debug|x64
		{68E6406F-9368-4B93-96C4-267EFED5EC45}.Debug|x64.Build.0 = Debug|x64
		{68E6406F-9368-4B93-96C4-267EFED5EC45}.Debug|x86.ActiveCfg = Debug|Win32
		{68E6406F-9368-4B93-96C4-267EFED5EC45}.Debug|x86.Build.0 = Debug|Win32
		{68E6406F-9368-4B93-96C4-267EFED5EC45}.Release|x64.ActiveCfg = Release|x64
		{68E6406F-9368-4B93-96C4-267EFED5EC45}.Release|x64.Build.0 = Release|x64
		{68E6406F-9368-4B93-96C4-267EFED5EC45}.Release|x86.ActiveCfg = Release|Win32
		{68E6406F-9368-4B93-96C4-267EFED5EC45}.Release|x86.Build.0 = Release|Win32
		{D2CF2A14-1DFB-4D62-A1A5-4BABFE4AD0E6}.Debug|x64.ActiveCfg = Debug|x64
		{D2CF2A14-1DFB-4D62-A1A5-4BABFE4AD0E6}.Debug|x64.Build.0 = Debug|x64
		{D2CF2A14-1DFB-4D62-A1A5-4BABFE4AD0E6}.Debug|x86.ActiveCfg = Debug|Win32
		{D2CF2A14-1DFB-4D62-A1A5-4BABFE4AD0E6}.Debug|x86.Build.0 = Debug|Win32
		{D2CF2A14-1DFB-4D62-A1A5-4BABFE4AD0E6}.Release|x64.ActiveCfg = Release|x64
		{D2CF2A14-1DFB-4D62-A1A5-4BABFE4AD0E6}.Release|x64.Build.0 = Release|x64
		{D2CF2A14-1DFB-4D62-A1A5-4BABFE4AD0E6}.Release|x86.ActiveCfg = Release|Win32
		{D2CF2A14-1DFB-4D62-A1A5-4BABFE4AD0E6}.Release|x86.Build.0 = Release|Win32
		{16C1303F-4EBD-4B55-9A41-03805504652F}.Debug|x64.ActiveCfg = Debug|x64
		{16C1303F-4EBD-4B55-9A41-03805504652F}.Debug|x64.Build.0 = Debug|x64
		{16C1303F-4EBD-4B55-9A41-03805504652F}.Debug|x86.ActiveCfg = Debug|Win32
		{16C1303F-4EBD-4B55-9A41-03805504652F}.Debug|x86.Build.0 = Debug|Win32
		{16C1303F-4EBD-4B55-9A41-03805504652F}.Release|x64.ActiveCfg = Release|x64
		{16C1303F-4EBD-4B55-9A41-03805504652F}.Release|x64.Build.0 = Release|x64
		{16C1303F-4EBD-4B55-9A41-03805504652F}.Release|x86.ActiveCfg = Release|Win32
		{16C1303F-4EBD-4B55-9A41-03805504652F}.Release|x86.Build.0 = Release|Win32
	EndGlobalSection
	GlobalSection(SolutionProperties) = preSolution
		HideSolutionNode = FALSE
	EndGlobalSection
	GlobalSection(ExtensibilityGlobals) = postSolution
		SolutionGuid = {155A449F-01FA-4283-964A-775BC8BEFA9A}
	EndGlobalSection
EndGlobal
