
Microsoft Visual Studio Solution File, Format Version 12.00
# Visual Studio Version 17
VisualStudioVersion = 17.8.34525.116
MinimumVisualStudioVersion = 10.0.40219.1
Project("{8BC9CEB8-8B4A-11D0-8D11-00A0C91BC942}") = "LinkedListStack", "LinkedListStack.vcxproj", "{ED5F76FC-BE07-45E5-A6AA-D27D20D256D4}"
EndProject
Project("{8BC9CEB8-8B4A-11D0-8D11-00A0C91BC942}") = "Calculator", "..\Calculator\Calculator.vcxproj", "{A6A45982-CF18-4800-9FB6-D8085DD97E11}"
EndProject
Project("{8BC9CEB8-8B4A-11D0-8D11-00A0C91BC942}") = "CircularQueue", "..\CircularQueue\CircularQueue.vcxproj", "{E5900F3C-C252-4A57-B991-32AB93FDEAC7}"
EndProject
Project("{8BC9CEB8-8B4A-11D0-8D11-00A0C91BC942}") = "LinkedQueue", "..\LinkedQueue\LinkedQueue.vcxproj", "{24D0B4C7-98EC-4E4C-89F6-BAC8F6C76D3C}"
EndProject
Project("{8BC9CEB8-8B4A-11D0-8D11-00A0C91BC942}") = "LCRSTree", "..\LCRSTree\LCRSTree.vcxproj", "{D359E243-84C6-481C-9871-FFC9087F6BF9}"
EndProject
Project("{8BC9CEB8-8B4A-11D0-8D11-00A0C91BC942}") = "BinaryTree", "..\BinaryTree\BinaryTree.vcxproj", "{CB62A504-DE91-4B96-A3FE-F5D10E50F5F7}"
EndProject
Project("{8BC9CEB8-8B4A-11D0-8D11-00A0C91BC942}") = "ExpressionTree", "..\ExpressionTree\ExpressionTree.vcxproj", "{182D9CCB-317A-4416-9AE8-DF5EF209F1D3}"
EndProject
Project("{8BC9CEB8-8B4A-11D0-8D11-00A0C91BC942}") = "DisjointSet", "..\DisjointSet\DisjointSet.vcxproj", "{C56BDE90-29D8-4269-BF13-05B5A98626F9}"
EndProject
Project("{8BC9CEB8-8B4A-11D0-8D11-00A0C91BC942}") = "BubbleSort", "..\BubbleSort\BubbleSort.vcxproj", "{0B55C1AC-928F-46D0-908B-F3DD22E7EAED}"
EndProject
Project("{8BC9CEB8-8B4A-11D0-8D11-00A0C91BC942}") = "InsertionSort", "..\InsertionSort\InsertionSort.vcxproj", "{800127BC-A50E-41AE-9D48-A992BBA7798A}"
EndProject
Project("{8BC9CEB8-8B4A-11D0-8D11-00A0C91BC942}") = "QuickSort", "..\QuickSort\QuickSort.vcxproj", "{797E11FB-D396-4C48-B062-6A976C071308}"
EndProject
Project("{8BC9CEB8-8B4A-11D0-8D11-00A0C91BC942}") = "QuickSort2", "..\QuickSort2\QuickSort2.vcxproj", "{22E347F5-D680-4694-8823-F5CC77E5F3F3}"
EndProject
Project("{8BC9CEB8-8B4A-11D0-8D11-00A0C91BC942}") = "SLL_SequntialSearch", "..\SLL_SequntialSearch\SLL_SequntialSearch.vcxproj", "{0AF2C239-F793-4C9D-9813-CDF31538AD46}"
EndProject
Project("{8BC9CEB8-8B4A-11D0-8D11-00A0C91BC942}") = "MoveToFromtMethod", "..\MoveToFromtMethod\MoveToFromtMethod.vcxproj", "{D347B4CF-646F-4B01-8533-E99E18ABFEFD}"
EndProject
Project("{8BC9CEB8-8B4A-11D0-8D11-00A0C91BC942}") = "Transpose", "..\Transpose\Transpose.vcxproj", "{55C65D35-1A02-4A3F-A9E2-1C4E2ECBDE96}"
EndProject
Project("{8BC9CEB8-8B4A-11D0-8D11-00A0C91BC942}") = "TransposeByIndex", "..\TransposeByIndex\TransposeByIndex.vcxproj", "{AD6C59BD-BD85-4ADA-949A-7959A6D4561F}"
EndProject
Project("{8BC9CEB8-8B4A-11D0-8D11-00A0C91BC942}") = "BinarySearch", "..\BinarySearch\BinarySearch.vcxproj", "{50129B81-8231-4E0D-BA6B-6B1BFDA0BA15}"
EndProject
Global
	GlobalSection(SolutionConfigurationPlatforms) = preSolution
		Debug|x64 = Debug|x64
		Debug|x86 = Debug|x86
		Release|x64 = Release|x64
		Release|x86 = Release|x86
	EndGlobalSection
	GlobalSection(ProjectConfigurationPlatforms) = postSolution
		{ED5F76FC-BE07-45E5-A6AA-D27D20D256D4}.Debug|x64.ActiveCfg = Debug|x64
		{ED5F76FC-BE07-45E5-A6AA-D27D20D256D4}.Debug|x64.Build.0 = Debug|x64
		{ED5F76FC-BE07-45E5-A6AA-D27D20D256D4}.Debug|x86.ActiveCfg = Debug|Win32
		{ED5F76FC-BE07-45E5-A6AA-D27D20D256D4}.Debug|x86.Build.0 = Debug|Win32
		{ED5F76FC-BE07-45E5-A6AA-D27D20D256D4}.Release|x64.ActiveCfg = Release|x64
		{ED5F76FC-BE07-45E5-A6AA-D27D20D256D4}.Release|x64.Build.0 = Release|x64
		{ED5F76FC-BE07-45E5-A6AA-D27D20D256D4}.Release|x86.ActiveCfg = Release|Win32
		{ED5F76FC-BE07-45E5-A6AA-D27D20D256D4}.Release|x86.Build.0 = Release|Win32
		{A6A45982-CF18-4800-9FB6-D8085DD97E11}.Debug|x64.ActiveCfg = Debug|x64
		{A6A45982-CF18-4800-9FB6-D8085DD97E11}.Debug|x64.Build.0 = Debug|x64
		{A6A45982-CF18-4800-9FB6-D8085DD97E11}.Debug|x86.ActiveCfg = Debug|Win32
		{A6A45982-CF18-4800-9FB6-D8085DD97E11}.Debug|x86.Build.0 = Debug|Win32
		{A6A45982-CF18-4800-9FB6-D8085DD97E11}.Release|x64.ActiveCfg = Release|x64
		{A6A45982-CF18-4800-9FB6-D8085DD97E11}.Release|x64.Build.0 = Release|x64
		{A6A45982-CF18-4800-9FB6-D8085DD97E11}.Release|x86.ActiveCfg = Release|Win32
		{A6A45982-CF18-4800-9FB6-D8085DD97E11}.Release|x86.Build.0 = Release|Win32
		{E5900F3C-C252-4A57-B991-32AB93FDEAC7}.Debug|x64.ActiveCfg = Debug|x64
		{E5900F3C-C252-4A57-B991-32AB93FDEAC7}.Debug|x64.Build.0 = Debug|x64
		{E5900F3C-C252-4A57-B991-32AB93FDEAC7}.Debug|x86.ActiveCfg = Debug|Win32
		{E5900F3C-C252-4A57-B991-32AB93FDEAC7}.Debug|x86.Build.0 = Debug|Win32
		{E5900F3C-C252-4A57-B991-32AB93FDEAC7}.Release|x64.ActiveCfg = Release|x64
		{E5900F3C-C252-4A57-B991-32AB93FDEAC7}.Release|x64.Build.0 = Release|x64
		{E5900F3C-C252-4A57-B991-32AB93FDEAC7}.Release|x86.ActiveCfg = Release|Win32
		{E5900F3C-C252-4A57-B991-32AB93FDEAC7}.Release|x86.Build.0 = Release|Win32
		{24D0B4C7-98EC-4E4C-89F6-BAC8F6C76D3C}.Debug|x64.ActiveCfg = Debug|x64
		{24D0B4C7-98EC-4E4C-89F6-BAC8F6C76D3C}.Debug|x64.Build.0 = Debug|x64
		{24D0B4C7-98EC-4E4C-89F6-BAC8F6C76D3C}.Debug|x86.ActiveCfg = Debug|Win32
		{24D0B4C7-98EC-4E4C-89F6-BAC8F6C76D3C}.Debug|x86.Build.0 = Debug|Win32
		{24D0B4C7-98EC-4E4C-89F6-BAC8F6C76D3C}.Release|x64.ActiveCfg = Release|x64
		{24D0B4C7-98EC-4E4C-89F6-BAC8F6C76D3C}.Release|x64.Build.0 = Release|x64
		{24D0B4C7-98EC-4E4C-89F6-BAC8F6C76D3C}.Release|x86.ActiveCfg = Release|Win32
		{24D0B4C7-98EC-4E4C-89F6-BAC8F6C76D3C}.Release|x86.Build.0 = Release|Win32
		{D359E243-84C6-481C-9871-FFC9087F6BF9}.Debug|x64.ActiveCfg = Debug|x64
		{D359E243-84C6-481C-9871-FFC9087F6BF9}.Debug|x64.Build.0 = Debug|x64
		{D359E243-84C6-481C-9871-FFC9087F6BF9}.Debug|x86.ActiveCfg = Debug|Win32
		{D359E243-84C6-481C-9871-FFC9087F6BF9}.Debug|x86.Build.0 = Debug|Win32
		{D359E243-84C6-481C-9871-FFC9087F6BF9}.Release|x64.ActiveCfg = Release|x64
		{D359E243-84C6-481C-9871-FFC9087F6BF9}.Release|x64.Build.0 = Release|x64
		{D359E243-84C6-481C-9871-FFC9087F6BF9}.Release|x86.ActiveCfg = Release|Win32
		{D359E243-84C6-481C-9871-FFC9087F6BF9}.Release|x86.Build.0 = Release|Win32
		{CB62A504-DE91-4B96-A3FE-F5D10E50F5F7}.Debug|x64.ActiveCfg = Debug|x64
		{CB62A504-DE91-4B96-A3FE-F5D10E50F5F7}.Debug|x64.Build.0 = Debug|x64
		{CB62A504-DE91-4B96-A3FE-F5D10E50F5F7}.Debug|x86.ActiveCfg = Debug|Win32
		{CB62A504-DE91-4B96-A3FE-F5D10E50F5F7}.Debug|x86.Build.0 = Debug|Win32
		{CB62A504-DE91-4B96-A3FE-F5D10E50F5F7}.Release|x64.ActiveCfg = Release|x64
		{CB62A504-DE91-4B96-A3FE-F5D10E50F5F7}.Release|x64.Build.0 = Release|x64
		{CB62A504-DE91-4B96-A3FE-F5D10E50F5F7}.Release|x86.ActiveCfg = Release|Win32
		{CB62A504-DE91-4B96-A3FE-F5D10E50F5F7}.Release|x86.Build.0 = Release|Win32
		{182D9CCB-317A-4416-9AE8-DF5EF209F1D3}.Debug|x64.ActiveCfg = Debug|x64
		{182D9CCB-317A-4416-9AE8-DF5EF209F1D3}.Debug|x64.Build.0 = Debug|x64
		{182D9CCB-317A-4416-9AE8-DF5EF209F1D3}.Debug|x86.ActiveCfg = Debug|Win32
		{182D9CCB-317A-4416-9AE8-DF5EF209F1D3}.Debug|x86.Build.0 = Debug|Win32
		{182D9CCB-317A-4416-9AE8-DF5EF209F1D3}.Release|x64.ActiveCfg = Release|x64
		{182D9CCB-317A-4416-9AE8-DF5EF209F1D3}.Release|x64.Build.0 = Release|x64
		{182D9CCB-317A-4416-9AE8-DF5EF209F1D3}.Release|x86.ActiveCfg = Release|Win32
		{182D9CCB-317A-4416-9AE8-DF5EF209F1D3}.Release|x86.Build.0 = Release|Win32
		{C56BDE90-29D8-4269-BF13-05B5A98626F9}.Debug|x64.ActiveCfg = Debug|x64
		{C56BDE90-29D8-4269-BF13-05B5A98626F9}.Debug|x64.Build.0 = Debug|x64
		{C56BDE90-29D8-4269-BF13-05B5A98626F9}.Debug|x86.ActiveCfg = Debug|Win32
		{C56BDE90-29D8-4269-BF13-05B5A98626F9}.Debug|x86.Build.0 = Debug|Win32
		{C56BDE90-29D8-4269-BF13-05B5A98626F9}.Release|x64.ActiveCfg = Release|x64
		{C56BDE90-29D8-4269-BF13-05B5A98626F9}.Release|x64.Build.0 = Release|x64
		{C56BDE90-29D8-4269-BF13-05B5A98626F9}.Release|x86.ActiveCfg = Release|Win32
		{C56BDE90-29D8-4269-BF13-05B5A98626F9}.Release|x86.Build.0 = Release|Win32
		{0B55C1AC-928F-46D0-908B-F3DD22E7EAED}.Debug|x64.ActiveCfg = Debug|x64
		{0B55C1AC-928F-46D0-908B-F3DD22E7EAED}.Debug|x64.Build.0 = Debug|x64
		{0B55C1AC-928F-46D0-908B-F3DD22E7EAED}.Debug|x86.ActiveCfg = Debug|Win32
		{0B55C1AC-928F-46D0-908B-F3DD22E7EAED}.Debug|x86.Build.0 = Debug|Win32
		{0B55C1AC-928F-46D0-908B-F3DD22E7EAED}.Release|x64.ActiveCfg = Release|x64
		{0B55C1AC-928F-46D0-908B-F3DD22E7EAED}.Release|x64.Build.0 = Release|x64
		{0B55C1AC-928F-46D0-908B-F3DD22E7EAED}.Release|x86.ActiveCfg = Release|Win32
		{0B55C1AC-928F-46D0-908B-F3DD22E7EAED}.Release|x86.Build.0 = Release|Win32
		{800127BC-A50E-41AE-9D48-A992BBA7798A}.Debug|x64.ActiveCfg = Debug|x64
		{800127BC-A50E-41AE-9D48-A992BBA7798A}.Debug|x64.Build.0 = Debug|x64
		{800127BC-A50E-41AE-9D48-A992BBA7798A}.Debug|x86.ActiveCfg = Debug|Win32
		{800127BC-A50E-41AE-9D48-A992BBA7798A}.Debug|x86.Build.0 = Debug|Win32
		{800127BC-A50E-41AE-9D48-A992BBA7798A}.Release|x64.ActiveCfg = Release|x64
		{800127BC-A50E-41AE-9D48-A992BBA7798A}.Release|x64.Build.0 = Release|x64
		{800127BC-A50E-41AE-9D48-A992BBA7798A}.Release|x86.ActiveCfg = Release|Win32
		{800127BC-A50E-41AE-9D48-A992BBA7798A}.Release|x86.Build.0 = Release|Win32
		{797E11FB-D396-4C48-B062-6A976C071308}.Debug|x64.ActiveCfg = Debug|x64
		{797E11FB-D396-4C48-B062-6A976C071308}.Debug|x64.Build.0 = Debug|x64
		{797E11FB-D396-4C48-B062-6A976C071308}.Debug|x86.ActiveCfg = Debug|Win32
		{797E11FB-D396-4C48-B062-6A976C071308}.Debug|x86.Build.0 = Debug|Win32
		{797E11FB-D396-4C48-B062-6A976C071308}.Release|x64.ActiveCfg = Release|x64
		{797E11FB-D396-4C48-B062-6A976C071308}.Release|x64.Build.0 = Release|x64
		{797E11FB-D396-4C48-B062-6A976C071308}.Release|x86.ActiveCfg = Release|Win32
		{797E11FB-D396-4C48-B062-6A976C071308}.Release|x86.Build.0 = Release|Win32
		{22E347F5-D680-4694-8823-F5CC77E5F3F3}.Debug|x64.ActiveCfg = Debug|x64
		{22E347F5-D680-4694-8823-F5CC77E5F3F3}.Debug|x64.Build.0 = Debug|x64
		{22E347F5-D680-4694-8823-F5CC77E5F3F3}.Debug|x86.ActiveCfg = Debug|Win32
		{22E347F5-D680-4694-8823-F5CC77E5F3F3}.Debug|x86.Build.0 = Debug|Win32
		{22E347F5-D680-4694-8823-F5CC77E5F3F3}.Release|x64.ActiveCfg = Release|x64
		{22E347F5-D680-4694-8823-F5CC77E5F3F3}.Release|x64.Build.0 = Release|x64
		{22E347F5-D680-4694-8823-F5CC77E5F3F3}.Release|x86.ActiveCfg = Release|Win32
		{22E347F5-D680-4694-8823-F5CC77E5F3F3}.Release|x86.Build.0 = Release|Win32
		{0AF2C239-F793-4C9D-9813-CDF31538AD46}.Debug|x64.ActiveCfg = Debug|x64
		{0AF2C239-F793-4C9D-9813-CDF31538AD46}.Debug|x64.Build.0 = Debug|x64
		{0AF2C239-F793-4C9D-9813-CDF31538AD46}.Debug|x86.ActiveCfg = Debug|Win32
		{0AF2C239-F793-4C9D-9813-CDF31538AD46}.Debug|x86.Build.0 = Debug|Win32
		{0AF2C239-F793-4C9D-9813-CDF31538AD46}.Release|x64.ActiveCfg = Release|x64
		{0AF2C239-F793-4C9D-9813-CDF31538AD46}.Release|x64.Build.0 = Release|x64
		{0AF2C239-F793-4C9D-9813-CDF31538AD46}.Release|x86.ActiveCfg = Release|Win32
		{0AF2C239-F793-4C9D-9813-CDF31538AD46}.Release|x86.Build.0 = Release|Win32
		{D347B4CF-646F-4B01-8533-E99E18ABFEFD}.Debug|x64.ActiveCfg = Debug|x64
		{D347B4CF-646F-4B01-8533-E99E18ABFEFD}.Debug|x64.Build.0 = Debug|x64
		{D347B4CF-646F-4B01-8533-E99E18ABFEFD}.Debug|x86.ActiveCfg = Debug|Win32
		{D347B4CF-646F-4B01-8533-E99E18ABFEFD}.Debug|x86.Build.0 = Debug|Win32
		{D347B4CF-646F-4B01-8533-E99E18ABFEFD}.Release|x64.ActiveCfg = Release|x64
		{D347B4CF-646F-4B01-8533-E99E18ABFEFD}.Release|x64.Build.0 = Release|x64
		{D347B4CF-646F-4B01-8533-E99E18ABFEFD}.Release|x86.ActiveCfg = Release|Win32
		{D347B4CF-646F-4B01-8533-E99E18ABFEFD}.Release|x86.Build.0 = Release|Win32
		{55C65D35-1A02-4A3F-A9E2-1C4E2ECBDE96}.Debug|x64.ActiveCfg = Debug|x64
		{55C65D35-1A02-4A3F-A9E2-1C4E2ECBDE96}.Debug|x64.Build.0 = Debug|x64
		{55C65D35-1A02-4A3F-A9E2-1C4E2ECBDE96}.Debug|x86.ActiveCfg = Debug|Win32
		{55C65D35-1A02-4A3F-A9E2-1C4E2ECBDE96}.Debug|x86.Build.0 = Debug|Win32
		{55C65D35-1A02-4A3F-A9E2-1C4E2ECBDE96}.Release|x64.ActiveCfg = Release|x64
		{55C65D35-1A02-4A3F-A9E2-1C4E2ECBDE96}.Release|x64.Build.0 = Release|x64
		{55C65D35-1A02-4A3F-A9E2-1C4E2ECBDE96}.Release|x86.ActiveCfg = Release|Win32
		{55C65D35-1A02-4A3F-A9E2-1C4E2ECBDE96}.Release|x86.Build.0 = Release|Win32
		{AD6C59BD-BD85-4ADA-949A-7959A6D4561F}.Debug|x64.ActiveCfg = Debug|x64
		{AD6C59BD-BD85-4ADA-949A-7959A6D4561F}.Debug|x64.Build.0 = Debug|x64
		{AD6C59BD-BD85-4ADA-949A-7959A6D4561F}.Debug|x86.ActiveCfg = Debug|Win32
		{AD6C59BD-BD85-4ADA-949A-7959A6D4561F}.Debug|x86.Build.0 = Debug|Win32
		{AD6C59BD-BD85-4ADA-949A-7959A6D4561F}.Release|x64.ActiveCfg = Release|x64
		{AD6C59BD-BD85-4ADA-949A-7959A6D4561F}.Release|x64.Build.0 = Release|x64
		{AD6C59BD-BD85-4ADA-949A-7959A6D4561F}.Release|x86.ActiveCfg = Release|Win32
		{AD6C59BD-BD85-4ADA-949A-7959A6D4561F}.Release|x86.Build.0 = Release|Win32
		{50129B81-8231-4E0D-BA6B-6B1BFDA0BA15}.Debug|x64.ActiveCfg = Debug|x64
		{50129B81-8231-4E0D-BA6B-6B1BFDA0BA15}.Debug|x64.Build.0 = Debug|x64
		{50129B81-8231-4E0D-BA6B-6B1BFDA0BA15}.Debug|x86.ActiveCfg = Debug|Win32
		{50129B81-8231-4E0D-BA6B-6B1BFDA0BA15}.Debug|x86.Build.0 = Debug|Win32
		{50129B81-8231-4E0D-BA6B-6B1BFDA0BA15}.Release|x64.ActiveCfg = Release|x64
		{50129B81-8231-4E0D-BA6B-6B1BFDA0BA15}.Release|x64.Build.0 = Release|x64
		{50129B81-8231-4E0D-BA6B-6B1BFDA0BA15}.Release|x86.ActiveCfg = Release|Win32
		{50129B81-8231-4E0D-BA6B-6B1BFDA0BA15}.Release|x86.Build.0 = Release|Win32
	EndGlobalSection
	GlobalSection(SolutionProperties) = preSolution
		HideSolutionNode = FALSE
	EndGlobalSection
	GlobalSection(ExtensibilityGlobals) = postSolution
		SolutionGuid = {8325A91D-343F-40CD-95E9-C478F6274E3E}
	EndGlobalSection
EndGlobal
